
Microsoft Visual Studio Solution File, Format Version 12.00
# Visual Studio Version 17
VisualStudioVersion = 17.10.35122.118
MinimumVisualStudioVersion = 10.0.40219.1
Project("{FAE04EC0-301F-11D3-BF4B-00C04F79EFBC}") = "AtataAdvancedNunitProject", "AtataAdvancedNunitProject.csproj", "{F03D510F-3D89-4A9E-ADB2-BCA4C7A2ABA0}"
EndProject
Global
	GlobalSection(SolutionConfigurationPlatforms) = preSolution
		Debug|Any CPU = Debug|Any CPU
		Release|Any CPU = Release|Any CPU
	EndGlobalSection
	GlobalSection(ProjectConfigurationPlatforms) = postSolution
		{F03D510F-3D89-4A9E-ADB2-BCA4C7A2ABA0}.Debug|Any CPU.ActiveCfg = Debug|Any CPU
		{F03D510F-3D89-4A9E-ADB2-BCA4C7A2ABA0}.Debug|Any CPU.Build.0 = Debug|Any CPU
		{F03D510F-3D89-4A9E-ADB2-BCA4C7A2ABA0}.Release|Any CPU.ActiveCfg = Release|Any CPU
		{F03D510F-3D89-4A9E-ADB2-BCA4C7A2ABA0}.Release|Any CPU.Build.0 = Release|Any CPU
	EndGlobalSection
	GlobalSection(SolutionProperties) = preSolution
		HideSolutionNode = FALSE
	EndGlobalSection
	GlobalSection(ExtensibilityGlobals) = postSolution
		SolutionGuid = {FE5E3A5F-4CB0-41C9-9F9B-EE9AF953A4D0}
	EndGlobalSection
EndGlobal
